
Microsoft Visual Studio Solution File, Format Version 12.00
Project("{FAE04EC0-301F-11D3-BF4B-00C04F79EFBC}") = "WebMetadataService", "WebMetadataService\WebMetadataService.csproj", "{7D3414FD-3697-4F7D-B921-E296C4ADFB71}"
EndProject
Global
	GlobalSection(SolutionConfigurationPlatforms) = preSolution
		Debug|Any CPU = Debug|Any CPU
		Release|Any CPU = Release|Any CPU
	EndGlobalSection
	GlobalSection(ProjectConfigurationPlatforms) = postSolution
		{7D3414FD-3697-4F7D-B921-E296C4ADFB71}.Debug|Any CPU.ActiveCfg = Debug|Any CPU
		{7D3414FD-3697-4F7D-B921-E296C4ADFB71}.Debug|Any CPU.Build.0 = Debug|Any CPU
		{7D3414FD-3697-4F7D-B921-E296C4ADFB71}.Release|Any CPU.ActiveCfg = Release|Any CPU
		{7D3414FD-3697-4F7D-B921-E296C4ADFB71}.Release|Any CPU.Build.0 = Release|Any CPU
	EndGlobalSection
EndGlobal
